
Microsoft Visual Studio Solution File, Format Version 12.00
# Visual Studio Version 16
VisualStudioVersion = 16.0.30517.126
MinimumVisualStudioVersion = 10.0.40219.1
Project("{FAE04EC0-301F-11D3-BF4B-00C04F79EFBC}") = "ShapeCalculator", "ShapeCalculator\ShapeCalculator.csproj", "{9C2140A6-C4B9-41BD-8405-32DB3429D1CC}"
EndProject
Project("{FAE04EC0-301F-11D3-BF4B-00C04F79EFBC}") = "ShapeCalculator.Test", "ShapeCalculator.Test\ShapeCalculator.Test.csproj", "{9866F560-251E-46D9-BFD0-F884DA66B251}"
EndProject
Project("{FAE04EC0-301F-11D3-BF4B-00C04F79EFBC}") = "ShapeCalculator.winforms", "ShapeCalculator.winforms\ShapeCalculator.winforms.csproj", "{1E0991CA-D0FD-4467-966A-D3D560C92F08}"
EndProject
Global
	GlobalSection(SolutionConfigurationPlatforms) = preSolution
		Debug|Any CPU = Debug|Any CPU
		Release|Any CPU = Release|Any CPU
	EndGlobalSection
	GlobalSection(ProjectConfigurationPlatforms) = postSolution
		{9C2140A6-C4B9-41BD-8405-32DB3429D1CC}.Debug|Any CPU.ActiveCfg = Debug|Any CPU
		{9C2140A6-C4B9-41BD-8405-32DB3429D1CC}.Debug|Any CPU.Build.0 = Debug|Any CPU
		{9C2140A6-C4B9-41BD-8405-32DB3429D1CC}.Release|Any CPU.ActiveCfg = Release|Any CPU
		{9C2140A6-C4B9-41BD-8405-32DB3429D1CC}.Release|Any CPU.Build.0 = Release|Any CPU
		{9866F560-251E-46D9-BFD0-F884DA66B251}.Debug|Any CPU.ActiveCfg = Debug|Any CPU
		{9866F560-251E-46D9-BFD0-F884DA66B251}.Debug|Any CPU.Build.0 = Debug|Any CPU
		{9866F560-251E-46D9-BFD0-F884DA66B251}.Release|Any CPU.ActiveCfg = Release|Any CPU
		{9866F560-251E-46D9-BFD0-F884DA66B251}.Release|Any CPU.Build.0 = Release|Any CPU
		{1E0991CA-D0FD-4467-966A-D3D560C92F08}.Debug|Any CPU.ActiveCfg = Debug|Any CPU
		{1E0991CA-D0FD-4467-966A-D3D560C92F08}.Debug|Any CPU.Build.0 = Debug|Any CPU
		{1E0991CA-D0FD-4467-966A-D3D560C92F08}.Release|Any CPU.ActiveCfg = Release|Any CPU
		{1E0991CA-D0FD-4467-966A-D3D560C92F08}.Release|Any CPU.Build.0 = Release|Any CPU
	EndGlobalSection
	GlobalSection(SolutionProperties) = preSolution
		HideSolutionNode = FALSE
	EndGlobalSection
	GlobalSection(ExtensibilityGlobals) = postSolution
		SolutionGuid = {27AE8E67-4B16-4A94-ADAD-FAF32E027EDA}
	EndGlobalSection
EndGlobal
